# generated by rye
# use `rye lock` or `rye sync` to update this lockfile
#
# last locked with the following flags:
#   pre: false
#   features: []
#   all-features: false
#   with-sources: false
#   generate-hashes: false
#   universal: false

-e file:.
certifi==2025.1.31
    # via requests
charset-normalizer==3.4.1
    # via requests
decorator==4.4.2
    # via moviepy
idna==3.10
    # via requests
imageio==2.37.0
    # via moviepy
imageio-ffmpeg==0.6.0
    # via moviepy
moviepy==2.0.0.dev2
    # via gif2mp4
numpy==2.2.3
    # via imageio
    # via moviepy
pillow==11.1.0
    # via imageio
proglog==0.1.10
    # via moviepy
requests==2.32.3
    # via moviepy
tqdm==4.67.1
    # via proglog
urllib3==2.3.0
    # via requests
